{
  "nodes": {
    "flake-compat": {
      "flake": false,
      "locked": {
        "lastModified": 1696426674,
        "narHash": "sha256-kvjfFW7WAETZlt09AgDn1MrtKzP7t90Vf7vypd3OL1U=",
        "owner": "edolstra",
        "repo": "flake-compat",
        "rev": "0f9255e01c2351cc7d116c072cb317785dd33b33",
        "type": "github"
      },
      "original": {
        "owner": "edolstra",
        "repo": "flake-compat",
        "type": "github"
      }
    },
    "flake-utils": {
      "inputs": {
        "systems": "systems"
      },
      "locked": {
        "lastModified": 1694529238,
        "narHash": "sha256-zsNZZGTGnMOf9YpHKJqMSsa0dXbfmxeoJ7xHlrt+xmY=",
        "owner": "numtide",
        "repo": "flake-utils",
        "rev": "ff7b65b44d01cf9ba6a71320833626af21126384",
        "type": "github"
      },
      "original": {
        "owner": "numtide",
        "repo": "flake-utils",
        "type": "github"
      }
    },
    "home-manager": {
      "inputs": {
        "nixpkgs": [
          "nixpkgs"
        ]
      },
      "locked": {
        "lastModified": 1700118404,
        "narHash": "sha256-XkqpZpVoy1FV7UbiLkP+fQxxv/6KnwLYkFEHgE8z2IQ=",
        "owner": "nix-community",
        "repo": "home-manager",
        "rev": "c1a033122df8a3c74fda3780c83a104a7d60873c",
        "type": "github"
      },
      "original": {
        "owner": "nix-community",
        "repo": "home-manager",
        "type": "github"
      }
    },
    "nixos-hardware": {
      "locked": {
        "lastModified": 1683836901,
        "narHash": "sha256-ecv+VfhGmeQOBS6j9SptM0aKS25sMIEh+QbaYI4pyI0=",
        "owner": "NixOS",
        "repo": "nixos-hardware",
        "rev": "fb1317948339713afa82a775a8274a91334f6182",
        "type": "github"
      },
      "original": {
        "owner": "NixOS",
        "repo": "nixos-hardware",
        "rev": "fb1317948339713afa82a775a8274a91334f6182",
        "type": "github"
      }
    },
    "nixos-pibox": {
      "inputs": {
        "flake-compat": [
          "flake-compat"
        ],
        "flake-utils": [
          "flake-utils"
        ],
        "nixpkgs": [
          "nixpkgs"
        ],
        "pibox-framebuffer": "pibox-framebuffer",
        "pibox-os": "pibox-os"
      },
      "locked": {
        "lastModified": 1699030266,
        "narHash": "sha256-lXEE/wSQTJ+H62CuwacmNytVuZHxZ0r0kQyNPPO4ycI=",
        "owner": "ipetkov",
        "repo": "nixos-pibox",
        "rev": "a45d256f3c46a51d807edf4e03d5cb01bfb38462",
        "type": "github"
      },
      "original": {
        "owner": "ipetkov",
        "repo": "nixos-pibox",
        "type": "github"
      }
    },
    "nixpkgs": {
      "locked": {
        "lastModified": 1699963925,
        "narHash": "sha256-LE7OV/SwkIBsCpAlIPiFhch/J+jBDGEZjNfdnzCnCrY=",
        "owner": "NixOS",
        "repo": "nixpkgs",
        "rev": "bf744fe90419885eefced41b3e5ae442d732712d",
        "type": "github"
      },
      "original": {
        "id": "nixpkgs",
        "ref": "nixos-unstable",
        "type": "indirect"
      }
    },
    "nixpkgs-for-rpi": {
      "locked": {
        "lastModified": 1698924604,
        "narHash": "sha256-GCFbkl2tj8fEZBZCw3Tc0AkGo0v+YrQlohhEGJ/X4s0=",
        "owner": "NixOS",
        "repo": "nixpkgs",
        "rev": "fa804edfb7869c9fb230e174182a8a1a7e512c40",
        "type": "github"
      },
      "original": {
        "owner": "NixOS",
        "repo": "nixpkgs",
        "rev": "fa804edfb7869c9fb230e174182a8a1a7e512c40",
        "type": "github"
      }
    },
    "pibox-framebuffer": {
      "flake": false,
      "locked": {
        "lastModified": 1665542891,
        "narHash": "sha256-EasNizKF+WyOCu2c3biwsPBgMdVXZ5TxtVPOzn1B6ms=",
        "owner": "kubesail",
        "repo": "pibox-framebuffer",
        "rev": "aa6cddd67553c2ac63360a03943fd0b4b11394d7",
        "type": "github"
      },
      "original": {
        "owner": "kubesail",
        "repo": "pibox-framebuffer",
        "type": "github"
      }
    },
    "pibox-os": {
      "flake": false,
      "locked": {
        "lastModified": 1697588522,
        "narHash": "sha256-PjqJen7ejXXpCwPDtkVTWuEL7OFVwQp7AimvivpvBaM=",
        "owner": "kubesail",
        "repo": "pibox-os",
        "rev": "fd51a2d7df8ebc151b6d77bc9e8d5c7b73b1a1d2",
        "type": "github"
      },
      "original": {
        "owner": "kubesail",
        "repo": "pibox-os",
        "type": "github"
      }
    },
    "root": {
      "inputs": {
        "flake-compat": "flake-compat",
        "flake-utils": "flake-utils",
        "home-manager": "home-manager",
        "nixos-hardware": "nixos-hardware",
        "nixos-pibox": "nixos-pibox",
        "nixpkgs": "nixpkgs",
        "nixpkgs-for-rpi": "nixpkgs-for-rpi"
      }
    },
    "systems": {
      "locked": {
        "lastModified": 1681028828,
        "narHash": "sha256-Vy1rq5AaRuLzOxct8nz4T6wlgyUR7zLU309k9mBC768=",
        "owner": "nix-systems",
        "repo": "default",
        "rev": "da67096a3b9bf56a91d16901293e51ba5b49a27e",
        "type": "github"
      },
      "original": {
        "owner": "nix-systems",
        "repo": "default",
        "type": "github"
      }
    }
  },
  "root": "root",
  "version": 7
}
