{
  "nodes": {
    "flake-compat": {
      "flake": false,
      "locked": {
        "lastModified": 1673956053,
        "narHash": "sha256-4gtG9iQuiKITOjNQQeQIpoIB6b16fm+504Ch3sNKLd8=",
        "owner": "edolstra",
        "repo": "flake-compat",
        "rev": "35bb57c0c8d8b62bbfd284272c928ceb64ddbde9",
        "type": "github"
      },
      "original": {
        "owner": "edolstra",
        "repo": "flake-compat",
        "type": "github"
      }
    },
    "flake-utils": {
      "inputs": {
        "systems": "systems"
      },
      "locked": {
        "lastModified": 1692799911,
        "narHash": "sha256-3eihraek4qL744EvQXsK1Ha6C3CR7nnT8X2qWap4RNk=",
        "owner": "numtide",
        "repo": "flake-utils",
        "rev": "f9e7cf818399d17d347f847525c5a5a8032e4e44",
        "type": "github"
      },
      "original": {
        "owner": "numtide",
        "repo": "flake-utils",
        "type": "github"
      }
    },
    "home-manager": {
      "inputs": {
        "nixpkgs": [
          "nixpkgs"
        ]
      },
      "locked": {
        "lastModified": 1694134858,
        "narHash": "sha256-fG/ESauOGmiojKlpJG8gB62dJa5Wd+ZIuiDMKK/HD3g=",
        "owner": "nix-community",
        "repo": "home-manager",
        "rev": "19c6a4081b14443420358262f8416149bd79561a",
        "type": "github"
      },
      "original": {
        "owner": "nix-community",
        "repo": "home-manager",
        "type": "github"
      }
    },
    "nixos-hardware": {
      "locked": {
        "lastModified": 1683836901,
        "narHash": "sha256-ecv+VfhGmeQOBS6j9SptM0aKS25sMIEh+QbaYI4pyI0=",
        "owner": "NixOS",
        "repo": "nixos-hardware",
        "rev": "fb1317948339713afa82a775a8274a91334f6182",
        "type": "github"
      },
      "original": {
        "owner": "NixOS",
        "repo": "nixos-hardware",
        "rev": "fb1317948339713afa82a775a8274a91334f6182",
        "type": "github"
      }
    },
    "nixos-pibox": {
      "inputs": {
        "flake-compat": [
          "flake-compat"
        ],
        "flake-utils": [
          "flake-utils"
        ],
        "nixpkgs": [
          "nixpkgs"
        ],
        "pibox-framebuffer": "pibox-framebuffer",
        "pibox-os": "pibox-os"
      },
      "locked": {
        "lastModified": 1693762484,
        "narHash": "sha256-ckAZcWQzHoCEW9jL1vDnPpglS75JbxTl+1IYu6C6orA=",
        "owner": "ipetkov",
        "repo": "nixos-pibox",
        "rev": "99453152386e99cac7235b240afeb7f4bbeebb68",
        "type": "github"
      },
      "original": {
        "owner": "ipetkov",
        "repo": "nixos-pibox",
        "type": "github"
      }
    },
    "nixpkgs": {
      "locked": {
        "lastModified": 1693985761,
        "narHash": "sha256-K5b+7j7Tt3+AqbWkcw+wMeqOAWyCD1MH26FPZyWXpdo=",
        "owner": "NixOS",
        "repo": "nixpkgs",
        "rev": "0bffda19b8af722f8069d09d8b6a24594c80b352",
        "type": "github"
      },
      "original": {
        "id": "nixpkgs",
        "ref": "nixos-unstable",
        "type": "indirect"
      }
    },
    "nixpkgs-for-rpi": {
      "locked": {
        "lastModified": 1687093939,
        "narHash": "sha256-zw9ztAI3G7ayjRFK9G18yiy4NceLZMF6QKWZC+eyWs0=",
        "owner": "NixOS",
        "repo": "nixpkgs",
        "rev": "572d26930456132e7f2035340e3d88b36a5e9b6e",
        "type": "github"
      },
      "original": {
        "owner": "NixOS",
        "repo": "nixpkgs",
        "rev": "572d26930456132e7f2035340e3d88b36a5e9b6e",
        "type": "github"
      }
    },
    "pibox-framebuffer": {
      "flake": false,
      "locked": {
        "lastModified": 1665542891,
        "narHash": "sha256-EasNizKF+WyOCu2c3biwsPBgMdVXZ5TxtVPOzn1B6ms=",
        "owner": "kubesail",
        "repo": "pibox-framebuffer",
        "rev": "aa6cddd67553c2ac63360a03943fd0b4b11394d7",
        "type": "github"
      },
      "original": {
        "owner": "kubesail",
        "repo": "pibox-framebuffer",
        "type": "github"
      }
    },
    "pibox-os": {
      "flake": false,
      "locked": {
        "lastModified": 1681276097,
        "narHash": "sha256-zE9dFaTLGsHxeac+Msy6pe062hb0+SYB73h+VIeChBc=",
        "owner": "kubesail",
        "repo": "pibox-os",
        "rev": "8e2ba5bbc5a2c02ff2e9421671a0c7460e676c4f",
        "type": "github"
      },
      "original": {
        "owner": "kubesail",
        "repo": "pibox-os",
        "type": "github"
      }
    },
    "root": {
      "inputs": {
        "flake-compat": "flake-compat",
        "flake-utils": "flake-utils",
        "home-manager": "home-manager",
        "nixos-hardware": "nixos-hardware",
        "nixos-pibox": "nixos-pibox",
        "nixpkgs": "nixpkgs",
        "nixpkgs-for-rpi": "nixpkgs-for-rpi"
      }
    },
    "systems": {
      "locked": {
        "lastModified": 1681028828,
        "narHash": "sha256-Vy1rq5AaRuLzOxct8nz4T6wlgyUR7zLU309k9mBC768=",
        "owner": "nix-systems",
        "repo": "default",
        "rev": "da67096a3b9bf56a91d16901293e51ba5b49a27e",
        "type": "github"
      },
      "original": {
        "owner": "nix-systems",
        "repo": "default",
        "type": "github"
      }
    }
  },
  "root": "root",
  "version": 7
}
